
Microsoft Visual Studio Solution File, Format Version 12.00
# Visual Studio Version 16
VisualStudioVersion = 16.0.29920.165
MinimumVisualStudioVersion = 10.0.40219.1
Project("{9A19103F-16F7-4668-BE54-9A1E7A4F7556}") = "AspNet Core", "AspNet Core\AspNet Core.csproj", "{F1D5A405-33D2-48D4-8FF2-010F0A1D7B39}"
EndProject
Global
	GlobalSection(SolutionConfigurationPlatforms) = preSolution
		Debug|Any CPU = Debug|Any CPU
		Release|Any CPU = Release|Any CPU
	EndGlobalSection
	GlobalSection(ProjectConfigurationPlatforms) = postSolution
		{F1D5A405-33D2-48D4-8FF2-010F0A1D7B39}.Debug|Any CPU.ActiveCfg = Debug|Any CPU
		{F1D5A405-33D2-48D4-8FF2-010F0A1D7B39}.Debug|Any CPU.Build.0 = Debug|Any CPU
		{F1D5A405-33D2-48D4-8FF2-010F0A1D7B39}.Release|Any CPU.ActiveCfg = Release|Any CPU
		{F1D5A405-33D2-48D4-8FF2-010F0A1D7B39}.Release|Any CPU.Build.0 = Release|Any CPU
	EndGlobalSection
	GlobalSection(SolutionProperties) = preSolution
		HideSolutionNode = FALSE
	EndGlobalSection
	GlobalSection(ExtensibilityGlobals) = postSolution
		SolutionGuid = {902F8BA0-6E62-41F6-B067-8A47CC1686EF}
	EndGlobalSection
EndGlobal
